
Microsoft Visual Studio Solution File, Format Version 11.00
# Visual Studio 2010
Project("{FAE04EC0-301F-11D3-BF4B-00C04F79EFBC}") = "MES-Car", "MES-Car\MES-Car.csproj", "{2D76B438-7CD0-4394-B258-72892F471180}"
EndProject
Project("{FAE04EC0-301F-11D3-BF4B-00C04F79EFBC}") = "test", "test\test.csproj", "{4C576E5E-72DC-4F3A-9DD6-310B15C2FAB8}"
EndProject
Project("{FAE04EC0-301F-11D3-BF4B-00C04F79EFBC}") = "WinControls", "..\..\Attn二次开发\WinControls\WinControls.csproj", "{99067CB9-E2A6-4F2B-BA07-39FD304CBA8D}"
EndProject
Project("{FAE04EC0-301F-11D3-BF4B-00C04F79EFBC}") = "MES.LED", "MES.LED\MES.LED.csproj", "{22890011-FBD1-4085-B557-D7B5561E796D}"
EndProject
Project("{FAE04EC0-301F-11D3-BF4B-00C04F79EFBC}") = "NpMis", "NpMis\NpMis.csproj", "{050965E3-34BC-4943-B793-D7CD505918E6}"
EndProject
Global
	GlobalSection(SolutionConfigurationPlatforms) = preSolution
		Debug|Any CPU = Debug|Any CPU
		Debug|Mixed Platforms = Debug|Mixed Platforms
		Debug|x86 = Debug|x86
		Release|Any CPU = Release|Any CPU
		Release|Mixed Platforms = Release|Mixed Platforms
		Release|x86 = Release|x86
	EndGlobalSection
	GlobalSection(ProjectConfigurationPlatforms) = postSolution
		{2D76B438-7CD0-4394-B258-72892F471180}.Debug|Any CPU.ActiveCfg = Debug|Any CPU
		{2D76B438-7CD0-4394-B258-72892F471180}.Debug|Any CPU.Build.0 = Debug|Any CPU
		{2D76B438-7CD0-4394-B258-72892F471180}.Debug|Mixed Platforms.ActiveCfg = Debug|Any CPU
		{2D76B438-7CD0-4394-B258-72892F471180}.Debug|Mixed Platforms.Build.0 = Debug|Any CPU
		{2D76B438-7CD0-4394-B258-72892F471180}.Debug|x86.ActiveCfg = Debug|Any CPU
		{2D76B438-7CD0-4394-B258-72892F471180}.Release|Any CPU.ActiveCfg = Release|Any CPU
		{2D76B438-7CD0-4394-B258-72892F471180}.Release|Any CPU.Build.0 = Release|Any CPU
		{2D76B438-7CD0-4394-B258-72892F471180}.Release|Mixed Platforms.ActiveCfg = Release|Any CPU
		{2D76B438-7CD0-4394-B258-72892F471180}.Release|Mixed Platforms.Build.0 = Release|Any CPU
		{2D76B438-7CD0-4394-B258-72892F471180}.Release|x86.ActiveCfg = Release|Any CPU
		{4C576E5E-72DC-4F3A-9DD6-310B15C2FAB8}.Debug|Any CPU.ActiveCfg = Debug|Any CPU
		{4C576E5E-72DC-4F3A-9DD6-310B15C2FAB8}.Debug|Any CPU.Build.0 = Debug|Any CPU
		{4C576E5E-72DC-4F3A-9DD6-310B15C2FAB8}.Debug|Mixed Platforms.ActiveCfg = Debug|Any CPU
		{4C576E5E-72DC-4F3A-9DD6-310B15C2FAB8}.Debug|Mixed Platforms.Build.0 = Debug|Any CPU
		{4C576E5E-72DC-4F3A-9DD6-310B15C2FAB8}.Debug|x86.ActiveCfg = Debug|Any CPU
		{4C576E5E-72DC-4F3A-9DD6-310B15C2FAB8}.Release|Any CPU.ActiveCfg = Debug|Any CPU
		{4C576E5E-72DC-4F3A-9DD6-310B15C2FAB8}.Release|Any CPU.Build.0 = Debug|Any CPU
		{4C576E5E-72DC-4F3A-9DD6-310B15C2FAB8}.Release|Mixed Platforms.ActiveCfg = Debug|Any CPU
		{4C576E5E-72DC-4F3A-9DD6-310B15C2FAB8}.Release|Mixed Platforms.Build.0 = Debug|Any CPU
		{4C576E5E-72DC-4F3A-9DD6-310B15C2FAB8}.Release|x86.ActiveCfg = Debug|Any CPU
		{99067CB9-E2A6-4F2B-BA07-39FD304CBA8D}.Debug|Any CPU.ActiveCfg = Debug|Any CPU
		{99067CB9-E2A6-4F2B-BA07-39FD304CBA8D}.Debug|Any CPU.Build.0 = Debug|Any CPU
		{99067CB9-E2A6-4F2B-BA07-39FD304CBA8D}.Debug|Mixed Platforms.ActiveCfg = Debug|Any CPU
		{99067CB9-E2A6-4F2B-BA07-39FD304CBA8D}.Debug|Mixed Platforms.Build.0 = Debug|Any CPU
		{99067CB9-E2A6-4F2B-BA07-39FD304CBA8D}.Debug|x86.ActiveCfg = Debug|Any CPU
		{99067CB9-E2A6-4F2B-BA07-39FD304CBA8D}.Release|Any CPU.ActiveCfg = Release|Any CPU
		{99067CB9-E2A6-4F2B-BA07-39FD304CBA8D}.Release|Any CPU.Build.0 = Release|Any CPU
		{99067CB9-E2A6-4F2B-BA07-39FD304CBA8D}.Release|Mixed Platforms.ActiveCfg = Release|Any CPU
		{99067CB9-E2A6-4F2B-BA07-39FD304CBA8D}.Release|Mixed Platforms.Build.0 = Release|Any CPU
		{99067CB9-E2A6-4F2B-BA07-39FD304CBA8D}.Release|x86.ActiveCfg = Release|Any CPU
		{22890011-FBD1-4085-B557-D7B5561E796D}.Debug|Any CPU.ActiveCfg = Debug|Any CPU
		{22890011-FBD1-4085-B557-D7B5561E796D}.Debug|Any CPU.Build.0 = Debug|Any CPU
		{22890011-FBD1-4085-B557-D7B5561E796D}.Debug|Mixed Platforms.ActiveCfg = Debug|Any CPU
		{22890011-FBD1-4085-B557-D7B5561E796D}.Debug|Mixed Platforms.Build.0 = Debug|Any CPU
		{22890011-FBD1-4085-B557-D7B5561E796D}.Debug|x86.ActiveCfg = Debug|Any CPU
		{22890011-FBD1-4085-B557-D7B5561E796D}.Release|Any CPU.ActiveCfg = Release|Any CPU
		{22890011-FBD1-4085-B557-D7B5561E796D}.Release|Any CPU.Build.0 = Release|Any CPU
		{22890011-FBD1-4085-B557-D7B5561E796D}.Release|Mixed Platforms.ActiveCfg = Release|Any CPU
		{22890011-FBD1-4085-B557-D7B5561E796D}.Release|Mixed Platforms.Build.0 = Release|Any CPU
		{22890011-FBD1-4085-B557-D7B5561E796D}.Release|x86.ActiveCfg = Release|Any CPU
		{050965E3-34BC-4943-B793-D7CD505918E6}.Debug|Any CPU.ActiveCfg = Debug|Any CPU
		{050965E3-34BC-4943-B793-D7CD505918E6}.Debug|Any CPU.Build.0 = Debug|Any CPU
		{050965E3-34BC-4943-B793-D7CD505918E6}.Debug|Mixed Platforms.ActiveCfg = Debug|Any CPU
		{050965E3-34BC-4943-B793-D7CD505918E6}.Debug|Mixed Platforms.Build.0 = Debug|Any CPU
		{050965E3-34BC-4943-B793-D7CD505918E6}.Debug|x86.ActiveCfg = Debug|Any CPU
		{050965E3-34BC-4943-B793-D7CD505918E6}.Release|Any CPU.ActiveCfg = Release|Any CPU
		{050965E3-34BC-4943-B793-D7CD505918E6}.Release|Any CPU.Build.0 = Release|Any CPU
		{050965E3-34BC-4943-B793-D7CD505918E6}.Release|Mixed Platforms.ActiveCfg = Release|Any CPU
		{050965E3-34BC-4943-B793-D7CD505918E6}.Release|Mixed Platforms.Build.0 = Release|Any CPU
		{050965E3-34BC-4943-B793-D7CD505918E6}.Release|x86.ActiveCfg = Release|Any CPU
	EndGlobalSection
	GlobalSection(SolutionProperties) = preSolution
		HideSolutionNode = FALSE
	EndGlobalSection
EndGlobal
